// !$*UTF8*$!
{
	archiveVersion = 1;
	classes = {
	};
	objectVersion = 50;
	objects = {

/* Begin PBXBuildFile section */
		76B52CAB2182DA0800520F6F /* main.cpp in Sources */ = {isa = PBXBuildFile; fileRef = 76B52CAA2182DA0800520F6F /* main.cpp */; };
		76B52CB72183536400520F6F /* class_define.cpp in Sources */ = {isa = PBXBuildFile; fileRef = 76B52CB52183536400520F6F /* class_define.cpp */; };
/* End PBXBuildFile section */

/* Begin PBXCopyFilesBuildPhase section */
		76B52CA52182DA0800520F6F /* CopyFiles */ = {
			isa = PBXCopyFilesBuildPhase;
			buildActionMask = 2147483647;
			dstPath = /usr/share/man/man1/;
			dstSubfolderSpec = 0;
			files = (
			);
			runOnlyForDeploymentPostprocessing = 1;
		};
/* End PBXCopyFilesBuildPhase section */

/* Begin PBXFileReference section */
		76B52CA72182DA0800520F6F /* Singly-linked list */ = {isa = PBXFileReference; explicitFileType = "compiled.mach-o.executable"; includeInIndex = 0; path = "Singly-linked list"; sourceTree = BUILT_PRODUCTS_DIR; };
		76B52CAA2182DA0800520F6F /* main.cpp */ = {isa = PBXFileReference; lastKnownFileType = sourcecode.cpp.cpp; path = main.cpp; sourceTree = "<group>"; };
		76B52CB52183536400520F6F /* class_define.cpp */ = {isa = PBXFileReference; lastKnownFileType = sourcecode.cpp.cpp; path = class_define.cpp; sourceTree = "<group>"; };
		76B52CB62183536400520F6F /* class_define.hpp */ = {isa = PBXFileReference; lastKnownFileType = sourcecode.cpp.h; path = class_define.hpp; sourceTree = "<group>"; };
/* End PBXFileReference section */

/* Begin PBXFrameworksBuildPhase section */
		76B52CA42182DA0800520F6F /* Frameworks */ = {
			isa = PBXFrameworksBuildPhase;
			buildActionMask = 2147483647;
			files = (
			);
			runOnlyForDeploymentPostprocessing = 0;
		};
/* End PBXFrameworksBuildPhase section */

/* Begin PBXGroup section */
		76B52C9E2182DA0800520F6F = {
			isa = PBXGroup;
			children = (
				76B52CA92182DA0800520F6F /* Singly-linked list */,
				76B52CA82182DA0800520F6F /* Products */,
			);
			sourceTree = "<group>";
		};
		76B52CA82182DA0800520F6F /* Products */ = {
			isa = PBXGroup;
			children = (
				76B52CA72182DA0800520F6F /* Singly-linked list */,
			);
			name = Products;
			sourceTree = "<group>";
		};
		76B52CA92182DA0800520F6F /* Singly-linked list */ = {
			isa = PBXGroup;
			children = (
				76B52CB22183529A00520F6F /* Header */,
				76B52CB12183528900520F6F /* Source */,
			);
			path = "Singly-linked list";
			sourceTree = "<group>";
		};
		76B52CB12183528900520F6F /* Source */ = {
			isa = PBXGroup;
			children = (
				76B52CAA2182DA0800520F6F /* main.cpp */,
				76B52CB52183536400520F6F /* class_define.cpp */,
			);
			path = Source;
			sourceTree = "<group>";
		};
		76B52CB22183529A00520F6F /* Header */ = {
			isa = PBXGroup;
			children = (
				76B52CB62183536400520F6F /* class_define.hpp */,
			);
			path = Header;
			sourceTree = "<group>";
		};
/* End PBXGroup section */

/* Begin PBXNativeTarget section */
		76B52CA62182DA0800520F6F /* Singly-linked list */ = {
			isa = PBXNativeTarget;
			buildConfigurationList = 76B52CAE2182DA0800520F6F /* Build configuration list for PBXNativeTarget "Singly-linked list" */;
			buildPhases = (
				76B52CA32182DA0800520F6F /* Sources */,
				76B52CA42182DA0800520F6F /* Frameworks */,
				76B52CA52182DA0800520F6F /* CopyFiles */,
			);
			buildRules = (
			);
			dependencies = (
			);
			name = "Singly-linked list";
			productName = "Lab-2";
			productReference = 76B52CA72182DA0800520F6F /* Singly-linked list */;
			productType = "com.apple.product-type.tool";
		};
/* End PBXNativeTarget section */

/* Begin PBXProject section */
		76B52C9F2182DA0800520F6F /* Project object */ = {
			isa = PBXProject;
			attributes = {
				LastUpgradeCheck = 1000;
				ORGANIZATIONNAME = "Doru Mancila";
				TargetAttributes = {
					76B52CA62182DA0800520F6F = {
						CreatedOnToolsVersion = 10.0;
					};
				};
			};
			buildConfigurationList = 76B52CA22182DA0800520F6F /* Build configuration list for PBXProject "Singly-linked list" */;
			compatibilityVersion = "Xcode 9.3";
			developmentRegion = en;
			hasScannedForEncodings = 0;
			knownRegions = (
				en,
			);
			mainGroup = 76B52C9E2182DA0800520F6F;
			productRefGroup = 76B52CA82182DA0800520F6F /* Products */;
			projectDirPath = "";
			projectRoot = "";
			targets = (
				76B52CA62182DA0800520F6F /* Singly-linked list */,
			);
		};
/* End PBXProject section */

/* Begin PBXSourcesBuildPhase section */
		76B52CA32182DA0800520F6F /* Sources */ = {
			isa = PBXSourcesBuildPhase;
			buildActionMask = 2147483647;
			files = (
				76B52CAB2182DA0800520F6F /* main.cpp in Sources */,
				76B52CB72183536400520F6F /* class_define.cpp in Sources */,
			);
			runOnlyForDeploymentPostprocessing = 0;
		};
/* End PBXSourcesBuildPhase section */

/* Begin XCBuildConfiguration section */
		76B52CAC2182DA0800520F6F /* Debug */ = {
			isa = XCBuildConfiguration;
			buildSettings = {
				ALWAYS_SEARCH_USER_PATHS = NO;
				CLANG_ANALYZER_NONNULL = YES;
				CLANG_ANALYZER_NUMBER_OBJECT_CONVERSION = YES_AGGRESSIVE;
				CLANG_CXX_LANGUAGE_STANDARD = "gnu++14";
				CLANG_CXX_LIBRARY = "libc++";
				CLANG_ENABLE_MODULES = YES;
				CLANG_ENABLE_OBJC_ARC = YES;
				CLANG_ENABLE_OBJC_WEAK = YES;
				CLANG_WARN_BLOCK_CAPTURE_AUTORELEASING = YES;
				CLANG_WARN_BOOL_CONVERSION = YES;
				CLANG_WARN_COMMA = YES;
				CLANG_WARN_CONSTANT_CONVERSION = YES;
				CLANG_WARN_DEPRECATED_OBJC_IMPLEMENTATIONS = YES;
				CLANG_WARN_DIRECT_OBJC_ISA_USAGE = YES_ERROR;
				CLANG_WARN_DOCUMENTATION_COMMENTS = YES;
				CLANG_WARN_EMPTY_BODY = YES;
				CLANG_WARN_ENUM_CONVERSION = YES;
				CLANG_WARN_INFINITE_RECURSION = YES;
				CLANG_WARN_INT_CONVERSION = YES;
				CLANG_WARN_NON_LITERAL_NULL_CONVERSION = YES;
				CLANG_WARN_OBJC_IMPLICIT_RETAIN_SELF = YES;
				CLANG_WARN_OBJC_LITERAL_CONVERSION = YES;
				CLANG_WARN_OBJC_ROOT_CLASS = YES_ERROR;
				CLANG_WARN_RANGE_LOOP_ANALYSIS = YES;
				CLANG_WARN_STRICT_PROTOTYPES = YES;
				CLANG_WARN_SUSPICIOUS_MOVE = YES;
				CLANG_WARN_UNGUARDED_AVAILABILITY = YES_AGGRESSIVE;
				CLANG_WARN_UNREACHABLE_CODE = YES;
				CLANG_WARN__DUPLICATE_METHOD_MATCH = YES;
				CODE_SIGN_IDENTITY = "-";
				COPY_PHASE_STRIP = NO;
				DEBUG_INFORMATION_FORMAT = dwarf;
				ENABLE_STRICT_OBJC_MSGSEND = YES;
				ENABLE_TESTABILITY = YES;
				GCC_C_LANGUAGE_STANDARD = gnu11;
				GCC_DYNAMIC_NO_PIC = NO;
				GCC_NO_COMMON_BLOCKS = YES;
				GCC_OPTIMIZATION_LEVEL = 0;
				GCC_PREPROCESSOR_DEFINITIONS = (
					"DEBUG=1",
					"$(inherited)",
				);
				GCC_WARN_64_TO_32_BIT_CONVERSION = YES;
				GCC_WARN_ABOUT_RETURN_TYPE = YES_ERROR;
				GCC_WARN_UNDECLARED_SELECTOR = YES;
				GCC_WARN_UNINITIALIZED_AUTOS = YES_AGGRESSIVE;
				GCC_WARN_UNUSED_FUNCTION = YES;
				GCC_WARN_UNUSED_VARIABLE = YES;
				MACOSX_DEPLOYMENT_TARGET = 10.14;
				MTL_ENABLE_DEBUG_INFO = INCLUDE_SOURCE;
				MTL_FAST_MATH = YES;
				ONLY_ACTIVE_ARCH = YES;
				SDKROOT = macosx;
			};
			name = Debug;
		};
		76B52CAD2182DA0800520F6F /* Release */ = {
			isa = XCBuildConfiguration;
			buildSettings = {
				ALWAYS_SEARCH_USER_PATHS = NO;
				CLANG_ANALYZER_NONNULL = YES;
				CLANG_ANALYZER_NUMBER_OBJECT_CONVERSION = YES_AGGRESSIVE;
				CLANG_CXX_LANGUAGE_STANDARD = "gnu++14";
				CLANG_CXX_LIBRARY = "libc++";
				CLANG_ENABLE_MODULES = YES;
				CLANG_ENABLE_OBJC_ARC = YES;
				CLANG_ENABLE_OBJC_WEAK = YES;
				CLANG_WARN_BLOCK_CAPTURE_AUTORELEASING = YES;
				CLANG_WARN_BOOL_CONVERSION = YES;
				CLANG_WARN_COMMA = YES;
				CLANG_WARN_CONSTANT_CONVERSION = YES;
				CLANG_WARN_DEPRECATED_OBJC_IMPLEMENTATIONS = YES;
				CLANG_WARN_DIRECT_OBJC_ISA_USAGE = YES_ERROR;
				CLANG_WARN_DOCUMENTATION_COMMENTS = YES;
				CLANG_WARN_EMPTY_BODY = YES;
				CLANG_WARN_ENUM_CONVERSION = YES;
				CLANG_WARN_INFINITE_RECURSION = YES;
				CLANG_WARN_INT_CONVERSION = YES;
				CLANG_WARN_NON_LITERAL_NULL_CONVERSION = YES;
				CLANG_WARN_OBJC_IMPLICIT_RETAIN_SELF = YES;
				CLANG_WARN_OBJC_LITERAL_CONVERSION = YES;
				CLANG_WARN_OBJC_ROOT_CLASS = YES_ERROR;
				CLANG_WARN_RANGE_LOOP_ANALYSIS = YES;
				CLANG_WARN_STRICT_PROTOTYPES = YES;
				CLANG_WARN_SUSPICIOUS_MOVE = YES;
				CLANG_WARN_UNGUARDED_AVAILABILITY = YES_AGGRESSIVE;
				CLANG_WARN_UNREACHABLE_CODE = YES;
				CLANG_WARN__DUPLICATE_METHOD_MATCH = YES;
				CODE_SIGN_IDENTITY = "-";
				COPY_PHASE_STRIP = NO;
				DEBUG_INFORMATION_FORMAT = "dwarf-with-dsym";
				ENABLE_NS_ASSERTIONS = NO;
				ENABLE_STRICT_OBJC_MSGSEND = YES;
				GCC_C_LANGUAGE_STANDARD = gnu11;
				GCC_NO_COMMON_BLOCKS = YES;
				GCC_WARN_64_TO_32_BIT_CONVERSION = YES;
				GCC_WARN_ABOUT_RETURN_TYPE = YES_ERROR;
				GCC_WARN_UNDECLARED_SELECTOR = YES;
				GCC_WARN_UNINITIALIZED_AUTOS = YES_AGGRESSIVE;
				GCC_WARN_UNUSED_FUNCTION = YES;
				GCC_WARN_UNUSED_VARIABLE = YES;
				MACOSX_DEPLOYMENT_TARGET = 10.14;
				MTL_ENABLE_DEBUG_INFO = NO;
				MTL_FAST_MATH = YES;
				SDKROOT = macosx;
			};
			name = Release;
		};
		76B52CAF2182DA0800520F6F /* Debug */ = {
			isa = XCBuildConfiguration;
			buildSettings = {
				CODE_SIGN_STYLE = Automatic;
				PRODUCT_NAME = "$(TARGET_NAME)";
			};
			name = Debug;
		};
		76B52CB02182DA0800520F6F /* Release */ = {
			isa = XCBuildConfiguration;
			buildSettings = {
				CODE_SIGN_STYLE = Automatic;
				PRODUCT_NAME = "$(TARGET_NAME)";
			};
			name = Release;
		};
/* End XCBuildConfiguration section */

/* Begin XCConfigurationList section */
		76B52CA22182DA0800520F6F /* Build configuration list for PBXProject "Singly-linked list" */ = {
			isa = XCConfigurationList;
			buildConfigurations = (
				76B52CAC2182DA0800520F6F /* Debug */,
				76B52CAD2182DA0800520F6F /* Release */,
			);
			defaultConfigurationIsVisible = 0;
			defaultConfigurationName = Release;
		};
		76B52CAE2182DA0800520F6F /* Build configuration list for PBXNativeTarget "Singly-linked list" */ = {
			isa = XCConfigurationList;
			buildConfigurations = (
				76B52CAF2182DA0800520F6F /* Debug */,
				76B52CB02182DA0800520F6F /* Release */,
			);
			defaultConfigurationIsVisible = 0;
			defaultConfigurationName = Release;
		};
/* End XCConfigurationList section */
	};
	rootObject = 76B52C9F2182DA0800520F6F /* Project object */;
}
